
Microsoft Visual Studio Solution File, Format Version 12.00
# Visual Studio Version 16
VisualStudioVersion = 16.0.810.18
MinimumVisualStudioVersion = 10.0.40219.1
Project("{FAE04EC0-301F-11D3-BF4B-00C04F79EFBC}") = "ismission7RyanPinkney", "ismission7RyanPinkney\ismission7RyanPinkney.csproj", "{2E137ABC-7C5B-4B73-AB88-83CE9434C4B0}"
EndProject
Global
	GlobalSection(SolutionConfigurationPlatforms) = preSolution
		Debug|Any CPU = Debug|Any CPU
		Release|Any CPU = Release|Any CPU
	EndGlobalSection
	GlobalSection(ProjectConfigurationPlatforms) = postSolution
		{2E137ABC-7C5B-4B73-AB88-83CE9434C4B0}.Debug|Any CPU.ActiveCfg = Debug|Any CPU
		{2E137ABC-7C5B-4B73-AB88-83CE9434C4B0}.Debug|Any CPU.Build.0 = Debug|Any CPU
		{2E137ABC-7C5B-4B73-AB88-83CE9434C4B0}.Release|Any CPU.ActiveCfg = Release|Any CPU
		{2E137ABC-7C5B-4B73-AB88-83CE9434C4B0}.Release|Any CPU.Build.0 = Release|Any CPU
	EndGlobalSection
	GlobalSection(SolutionProperties) = preSolution
		HideSolutionNode = FALSE
	EndGlobalSection
	GlobalSection(ExtensibilityGlobals) = postSolution
		SolutionGuid = {635F7738-AFE6-48C2-BA38-7564763CA49C}
	EndGlobalSection
EndGlobal
